
Microsoft Visual Studio Solution File, Format Version 12.00
# Visual Studio Version 17
VisualStudioVersion = 17.3.32929.385
MinimumVisualStudioVersion = 10.0.40219.1
Project("{FAE04EC0-301F-11D3-BF4B-00C04F79EFBC}") = "LINQProductReview", "LINQProductReview.csproj", "{F61D917A-8A2F-4420-9C53-6A5F733CD10F}"
EndProject
Global
	GlobalSection(SolutionConfigurationPlatforms) = preSolution
		Debug|Any CPU = Debug|Any CPU
		Release|Any CPU = Release|Any CPU
	EndGlobalSection
	GlobalSection(ProjectConfigurationPlatforms) = postSolution
		{F61D917A-8A2F-4420-9C53-6A5F733CD10F}.Debug|Any CPU.ActiveCfg = Debug|Any CPU
		{F61D917A-8A2F-4420-9C53-6A5F733CD10F}.Debug|Any CPU.Build.0 = Debug|Any CPU
		{F61D917A-8A2F-4420-9C53-6A5F733CD10F}.Release|Any CPU.ActiveCfg = Release|Any CPU
		{F61D917A-8A2F-4420-9C53-6A5F733CD10F}.Release|Any CPU.Build.0 = Release|Any CPU
	EndGlobalSection
	GlobalSection(SolutionProperties) = preSolution
		HideSolutionNode = FALSE
	EndGlobalSection
	GlobalSection(ExtensibilityGlobals) = postSolution
		SolutionGuid = {D6AC8D8B-35C4-4C6A-A820-89FE5151DD46}
	EndGlobalSection
EndGlobal
